// !$*UTF8*$!
{
	archiveVersion = 1;
	classes = {
	};
	objectVersion = 48;
	objects = {

/* Begin PBXBuildFile section */
		001AF3B21FD74F54002F7A65 /* AppDelegate.swift in Sources */ = {isa = PBXBuildFile; fileRef = 001AF3B11FD74F54002F7A65 /* AppDelegate.swift */; };
		001AF3B41FD74F54002F7A65 /* ViewController.swift in Sources */ = {isa = PBXBuildFile; fileRef = 001AF3B31FD74F54002F7A65 /* ViewController.swift */; };
		001AF3BA1FD74F54002F7A65 /* Project1_Redo.xcdatamodeld in Sources */ = {isa = PBXBuildFile; fileRef = 001AF3B81FD74F54002F7A65 /* Project1_Redo.xcdatamodeld */; };
		001AF3BF1FD74F54002F7A65 /* LaunchScreen.storyboard in Resources */ = {isa = PBXBuildFile; fileRef = 001AF3BD1FD74F54002F7A65 /* LaunchScreen.storyboard */; };
		001AF3CF1FD90F5B002F7A65 /* Scene2ViewController.swift in Sources */ = {isa = PBXBuildFile; fileRef = 001AF3CE1FD90F5B002F7A65 /* Scene2ViewController.swift */; };
		001AF3D11FD918D2002F7A65 /* People.swift in Sources */ = {isa = PBXBuildFile; fileRef = 001AF3D01FD918D2002F7A65 /* People.swift */; };
		002E50F61FDF34F900E529AE /* Main.storyboard in Resources */ = {isa = PBXBuildFile; fileRef = 002E50F51FDF34F900E529AE /* Main.storyboard */; };
		007D05031FDAFC2B00A66DC0 /* PeopleInfoViewController.swift in Sources */ = {isa = PBXBuildFile; fileRef = 007D05021FDAFC2B00A66DC0 /* PeopleInfoViewController.swift */; };
		007D05051FDB53D400A66DC0 /* PersonTableViewCell.swift in Sources */ = {isa = PBXBuildFile; fileRef = 007D05041FDB53D400A66DC0 /* PersonTableViewCell.swift */; };
		00CD795D1FE7116500C648EC /* Assets.xcassets in Resources */ = {isa = PBXBuildFile; fileRef = 00CD795C1FE7116500C648EC /* Assets.xcassets */; };
/* End PBXBuildFile section */

/* Begin PBXFileReference section */
		001AF3AE1FD74F54002F7A65 /* Project1_Redo.app */ = {isa = PBXFileReference; explicitFileType = wrapper.application; includeInIndex = 0; path = Project1_Redo.app; sourceTree = BUILT_PRODUCTS_DIR; };
		001AF3B11FD74F54002F7A65 /* AppDelegate.swift */ = {isa = PBXFileReference; lastKnownFileType = sourcecode.swift; path = AppDelegate.swift; sourceTree = "<group>"; };
		001AF3B31FD74F54002F7A65 /* ViewController.swift */ = {isa = PBXFileReference; lastKnownFileType = sourcecode.swift; path = ViewController.swift; sourceTree = "<group>"; };
		001AF3B91FD74F54002F7A65 /* Project1_Redo.xcdatamodel */ = {isa = PBXFileReference; lastKnownFileType = wrapper.xcdatamodel; path = Project1_Redo.xcdatamodel; sourceTree = "<group>"; };
		001AF3BE1FD74F54002F7A65 /* Base */ = {isa = PBXFileReference; lastKnownFileType = file.storyboard; name = Base; path = Base.lproj/LaunchScreen.storyboard; sourceTree = "<group>"; };
		001AF3C01FD74F54002F7A65 /* Info.plist */ = {isa = PBXFileReference; lastKnownFileType = text.plist.xml; path = Info.plist; sourceTree = "<group>"; };
		001AF3CE1FD90F5B002F7A65 /* Scene2ViewController.swift */ = {isa = PBXFileReference; lastKnownFileType = sourcecode.swift; path = Scene2ViewController.swift; sourceTree = "<group>"; };
		001AF3D01FD918D2002F7A65 /* People.swift */ = {isa = PBXFileReference; lastKnownFileType = sourcecode.swift; path = People.swift; sourceTree = "<group>"; };
		002E50F51FDF34F900E529AE /* Main.storyboard */ = {isa = PBXFileReference; fileEncoding = 4; lastKnownFileType = file.storyboard; path = Main.storyboard; sourceTree = "<group>"; };
		007D05021FDAFC2B00A66DC0 /* PeopleInfoViewController.swift */ = {isa = PBXFileReference; lastKnownFileType = sourcecode.swift; path = PeopleInfoViewController.swift; sourceTree = "<group>"; };
		007D05041FDB53D400A66DC0 /* PersonTableViewCell.swift */ = {isa = PBXFileReference; lastKnownFileType = sourcecode.swift; path = PersonTableViewCell.swift; sourceTree = "<group>"; };
		00CD795C1FE7116500C648EC /* Assets.xcassets */ = {isa = PBXFileReference; lastKnownFileType = folder.assetcatalog; path = Assets.xcassets; sourceTree = "<group>"; };
/* End PBXFileReference section */

/* Begin PBXFrameworksBuildPhase section */
		001AF3AB1FD74F54002F7A65 /* Frameworks */ = {
			isa = PBXFrameworksBuildPhase;
			buildActionMask = 2147483647;
			files = (
			);
			runOnlyForDeploymentPostprocessing = 0;
		};
/* End PBXFrameworksBuildPhase section */

/* Begin PBXGroup section */
		001AF3A51FD74F54002F7A65 = {
			isa = PBXGroup;
			children = (
				001AF3B01FD74F54002F7A65 /* Project1_Redo */,
				001AF3AF1FD74F54002F7A65 /* Products */,
			);
			sourceTree = "<group>";
		};
		001AF3AF1FD74F54002F7A65 /* Products */ = {
			isa = PBXGroup;
			children = (
				001AF3AE1FD74F54002F7A65 /* Project1_Redo.app */,
			);
			name = Products;
			sourceTree = "<group>";
		};
		001AF3B01FD74F54002F7A65 /* Project1_Redo */ = {
			isa = PBXGroup;
			children = (
				001AF3B11FD74F54002F7A65 /* AppDelegate.swift */,
				001AF3B31FD74F54002F7A65 /* ViewController.swift */,
				001AF3CE1FD90F5B002F7A65 /* Scene2ViewController.swift */,
				007D05021FDAFC2B00A66DC0 /* PeopleInfoViewController.swift */,
				001AF3D01FD918D2002F7A65 /* People.swift */,
				007D05041FDB53D400A66DC0 /* PersonTableViewCell.swift */,
				002E50F51FDF34F900E529AE /* Main.storyboard */,
				00CD795C1FE7116500C648EC /* Assets.xcassets */,
				001AF3BD1FD74F54002F7A65 /* LaunchScreen.storyboard */,
				001AF3C01FD74F54002F7A65 /* Info.plist */,
				001AF3B81FD74F54002F7A65 /* Project1_Redo.xcdatamodeld */,
			);
			path = Project1_Redo;
			sourceTree = "<group>";
		};
/* End PBXGroup section */

/* Begin PBXNativeTarget section */
		001AF3AD1FD74F54002F7A65 /* Project1_Redo */ = {
			isa = PBXNativeTarget;
			buildConfigurationList = 001AF3C31FD74F54002F7A65 /* Build configuration list for PBXNativeTarget "Project1_Redo" */;
			buildPhases = (
				001AF3AA1FD74F54002F7A65 /* Sources */,
				001AF3AB1FD74F54002F7A65 /* Frameworks */,
				001AF3AC1FD74F54002F7A65 /* Resources */,
			);
			buildRules = (
			);
			dependencies = (
			);
			name = Project1_Redo;
			productName = Project1_Redo;
			productReference = 001AF3AE1FD74F54002F7A65 /* Project1_Redo.app */;
			productType = "com.apple.product-type.application";
		};
/* End PBXNativeTarget section */

/* Begin PBXProject section */
		001AF3A61FD74F54002F7A65 /* Project object */ = {
			isa = PBXProject;
			attributes = {
				LastSwiftUpdateCheck = 0910;
				LastUpgradeCheck = 0910;
				ORGANIZATIONNAME = HaleyHudgens;
				TargetAttributes = {
					001AF3AD1FD74F54002F7A65 = {
						CreatedOnToolsVersion = 9.1;
						ProvisioningStyle = Automatic;
					};
				};
			};
			buildConfigurationList = 001AF3A91FD74F54002F7A65 /* Build configuration list for PBXProject "Project1_Redo" */;
			compatibilityVersion = "Xcode 8.0";
			developmentRegion = en;
			hasScannedForEncodings = 0;
			knownRegions = (
				en,
				Base,
			);
			mainGroup = 001AF3A51FD74F54002F7A65;
			productRefGroup = 001AF3AF1FD74F54002F7A65 /* Products */;
			projectDirPath = "";
			projectRoot = "";
			targets = (
				001AF3AD1FD74F54002F7A65 /* Project1_Redo */,
			);
		};
/* End PBXProject section */

/* Begin PBXResourcesBuildPhase section */
		001AF3AC1FD74F54002F7A65 /* Resources */ = {
			isa = PBXResourcesBuildPhase;
			buildActionMask = 2147483647;
			files = (
				002E50F61FDF34F900E529AE /* Main.storyboard in Resources */,
				00CD795D1FE7116500C648EC /* Assets.xcassets in Resources */,
				001AF3BF1FD74F54002F7A65 /* LaunchScreen.storyboard in Resources */,
			);
			runOnlyForDeploymentPostprocessing = 0;
		};
/* End PBXResourcesBuildPhase section */

/* Begin PBXSourcesBuildPhase section */
		001AF3AA1FD74F54002F7A65 /* Sources */ = {
			isa = PBXSourcesBuildPhase;
			buildActionMask = 2147483647;
			files = (
				001AF3BA1FD74F54002F7A65 /* Project1_Redo.xcdatamodeld in Sources */,
				007D05031FDAFC2B00A66DC0 /* PeopleInfoViewController.swift in Sources */,
				001AF3CF1FD90F5B002F7A65 /* Scene2ViewController.swift in Sources */,
				001AF3B41FD74F54002F7A65 /* ViewController.swift in Sources */,
				001AF3B21FD74F54002F7A65 /* AppDelegate.swift in Sources */,
				007D05051FDB53D400A66DC0 /* PersonTableViewCell.swift in Sources */,
				001AF3D11FD918D2002F7A65 /* People.swift in Sources */,
			);
			runOnlyForDeploymentPostprocessing = 0;
		};
/* End PBXSourcesBuildPhase section */

/* Begin PBXVariantGroup section */
		001AF3BD1FD74F54002F7A65 /* LaunchScreen.storyboard */ = {
			isa = PBXVariantGroup;
			children = (
				001AF3BE1FD74F54002F7A65 /* Base */,
			);
			name = LaunchScreen.storyboard;
			sourceTree = "<group>";
		};
/* End PBXVariantGroup section */

/* Begin XCBuildConfiguration section */
		001AF3C11FD74F54002F7A65 /* Debug */ = {
			isa = XCBuildConfiguration;
			buildSettings = {
				ALWAYS_SEARCH_USER_PATHS = NO;
				CLANG_ANALYZER_NONNULL = YES;
				CLANG_ANALYZER_NUMBER_OBJECT_CONVERSION = YES_AGGRESSIVE;
				CLANG_CXX_LANGUAGE_STANDARD = "gnu++14";
				CLANG_CXX_LIBRARY = "libc++";
				CLANG_ENABLE_MODULES = YES;
				CLANG_ENABLE_OBJC_ARC = YES;
				CLANG_WARN_BLOCK_CAPTURE_AUTORELEASING = YES;
				CLANG_WARN_BOOL_CONVERSION = YES;
				CLANG_WARN_COMMA = YES;
				CLANG_WARN_CONSTANT_CONVERSION = YES;
				CLANG_WARN_DIRECT_OBJC_ISA_USAGE = YES_ERROR;
				CLANG_WARN_DOCUMENTATION_COMMENTS = YES;
				CLANG_WARN_EMPTY_BODY = YES;
				CLANG_WARN_ENUM_CONVERSION = YES;
				CLANG_WARN_INFINITE_RECURSION = YES;
				CLANG_WARN_INT_CONVERSION = YES;
				CLANG_WARN_NON_LITERAL_NULL_CONVERSION = YES;
				CLANG_WARN_OBJC_LITERAL_CONVERSION = YES;
				CLANG_WARN_OBJC_ROOT_CLASS = YES_ERROR;
				CLANG_WARN_RANGE_LOOP_ANALYSIS = YES;
				CLANG_WARN_STRICT_PROTOTYPES = YES;
				CLANG_WARN_SUSPICIOUS_MOVE = YES;
				CLANG_WARN_UNGUARDED_AVAILABILITY = YES_AGGRESSIVE;
				CLANG_WARN_UNREACHABLE_CODE = YES;
				CLANG_WARN__DUPLICATE_METHOD_MATCH = YES;
				CODE_SIGN_IDENTITY = "iPhone Developer";
				COPY_PHASE_STRIP = NO;
				DEBUG_INFORMATION_FORMAT = dwarf;
				ENABLE_STRICT_OBJC_MSGSEND = YES;
				ENABLE_TESTABILITY = YES;
				GCC_C_LANGUAGE_STANDARD = gnu11;
				GCC_DYNAMIC_NO_PIC = NO;
				GCC_NO_COMMON_BLOCKS = YES;
				GCC_OPTIMIZATION_LEVEL = 0;
				GCC_PREPROCESSOR_DEFINITIONS = (
					"DEBUG=1",
					"$(inherited)",
				);
				GCC_WARN_64_TO_32_BIT_CONVERSION = YES;
				GCC_WARN_ABOUT_RETURN_TYPE = YES_ERROR;
				GCC_WARN_UNDECLARED_SELECTOR = YES;
				GCC_WARN_UNINITIALIZED_AUTOS = YES_AGGRESSIVE;
				GCC_WARN_UNUSED_FUNCTION = YES;
				GCC_WARN_UNUSED_VARIABLE = YES;
				IPHONEOS_DEPLOYMENT_TARGET = 11.1;
				MTL_ENABLE_DEBUG_INFO = YES;
				ONLY_ACTIVE_ARCH = YES;
				SDKROOT = iphoneos;
				SWIFT_ACTIVE_COMPILATION_CONDITIONS = DEBUG;
				SWIFT_OPTIMIZATION_LEVEL = "-Onone";
			};
			name = Debug;
		};
		001AF3C21FD74F54002F7A65 /* Release */ = {
			isa = XCBuildConfiguration;
			buildSettings = {
				ALWAYS_SEARCH_USER_PATHS = NO;
				CLANG_ANALYZER_NONNULL = YES;
				CLANG_ANALYZER_NUMBER_OBJECT_CONVERSION = YES_AGGRESSIVE;
				CLANG_CXX_LANGUAGE_STANDARD = "gnu++14";
				CLANG_CXX_LIBRARY = "libc++";
				CLANG_ENABLE_MODULES = YES;
				CLANG_ENABLE_OBJC_ARC = YES;
				CLANG_WARN_BLOCK_CAPTURE_AUTORELEASING = YES;
				CLANG_WARN_BOOL_CONVERSION = YES;
				CLANG_WARN_COMMA = YES;
				CLANG_WARN_CONSTANT_CONVERSION = YES;
				CLANG_WARN_DIRECT_OBJC_ISA_USAGE = YES_ERROR;
				CLANG_WARN_DOCUMENTATION_COMMENTS = YES;
				CLANG_WARN_EMPTY_BODY = YES;
				CLANG_WARN_ENUM_CONVERSION = YES;
				CLANG_WARN_INFINITE_RECURSION = YES;
				CLANG_WARN_INT_CONVERSION = YES;
				CLANG_WARN_NON_LITERAL_NULL_CONVERSION = YES;
				CLANG_WARN_OBJC_LITERAL_CONVERSION = YES;
				CLANG_WARN_OBJC_ROOT_CLASS = YES_ERROR;
				CLANG_WARN_RANGE_LOOP_ANALYSIS = YES;
				CLANG_WARN_STRICT_PROTOTYPES = YES;
				CLANG_WARN_SUSPICIOUS_MOVE = YES;
				CLANG_WARN_UNGUARDED_AVAILABILITY = YES_AGGRESSIVE;
				CLANG_WARN_UNREACHABLE_CODE = YES;
				CLANG_WARN__DUPLICATE_METHOD_MATCH = YES;
				CODE_SIGN_IDENTITY = "iPhone Developer";
				COPY_PHASE_STRIP = NO;
				DEBUG_INFORMATION_FORMAT = "dwarf-with-dsym";
				ENABLE_NS_ASSERTIONS = NO;
				ENABLE_STRICT_OBJC_MSGSEND = YES;
				GCC_C_LANGUAGE_STANDARD = gnu11;
				GCC_NO_COMMON_BLOCKS = YES;
				GCC_WARN_64_TO_32_BIT_CONVERSION = YES;
				GCC_WARN_ABOUT_RETURN_TYPE = YES_ERROR;
				GCC_WARN_UNDECLARED_SELECTOR = YES;
				GCC_WARN_UNINITIALIZED_AUTOS = YES_AGGRESSIVE;
				GCC_WARN_UNUSED_FUNCTION = YES;
				GCC_WARN_UNUSED_VARIABLE = YES;
				IPHONEOS_DEPLOYMENT_TARGET = 11.1;
				MTL_ENABLE_DEBUG_INFO = NO;
				SDKROOT = iphoneos;
				SWIFT_OPTIMIZATION_LEVEL = "-Owholemodule";
				VALIDATE_PRODUCT = YES;
			};
			name = Release;
		};
		001AF3C41FD74F54002F7A65 /* Debug */ = {
			isa = XCBuildConfiguration;
			buildSettings = {
				ASSETCATALOG_COMPILER_APPICON_NAME = AppIcon;
				CODE_SIGN_STYLE = Automatic;
				INFOPLIST_FILE = Project1_Redo/Info.plist;
				LD_RUNPATH_SEARCH_PATHS = "$(inherited) @executable_path/Frameworks";
				PRODUCT_BUNDLE_IDENTIFIER = "ATLS.Project1-Redo";
				PRODUCT_NAME = "$(TARGET_NAME)";
				SWIFT_VERSION = 4.0;
				TARGETED_DEVICE_FAMILY = "1,2";
			};
			name = Debug;
		};
		001AF3C51FD74F54002F7A65 /* Release */ = {
			isa = XCBuildConfiguration;
			buildSettings = {
				ASSETCATALOG_COMPILER_APPICON_NAME = AppIcon;
				CODE_SIGN_STYLE = Automatic;
				INFOPLIST_FILE = Project1_Redo/Info.plist;
				LD_RUNPATH_SEARCH_PATHS = "$(inherited) @executable_path/Frameworks";
				PRODUCT_BUNDLE_IDENTIFIER = "ATLS.Project1-Redo";
				PRODUCT_NAME = "$(TARGET_NAME)";
				SWIFT_VERSION = 4.0;
				TARGETED_DEVICE_FAMILY = "1,2";
			};
			name = Release;
		};
/* End XCBuildConfiguration section */

/* Begin XCConfigurationList section */
		001AF3A91FD74F54002F7A65 /* Build configuration list for PBXProject "Project1_Redo" */ = {
			isa = XCConfigurationList;
			buildConfigurations = (
				001AF3C11FD74F54002F7A65 /* Debug */,
				001AF3C21FD74F54002F7A65 /* Release */,
			);
			defaultConfigurationIsVisible = 0;
			defaultConfigurationName = Release;
		};
		001AF3C31FD74F54002F7A65 /* Build configuration list for PBXNativeTarget "Project1_Redo" */ = {
			isa = XCConfigurationList;
			buildConfigurations = (
				001AF3C41FD74F54002F7A65 /* Debug */,
				001AF3C51FD74F54002F7A65 /* Release */,
			);
			defaultConfigurationIsVisible = 0;
			defaultConfigurationName = Release;
		};
/* End XCConfigurationList section */

/* Begin XCVersionGroup section */
		001AF3B81FD74F54002F7A65 /* Project1_Redo.xcdatamodeld */ = {
			isa = XCVersionGroup;
			children = (
				001AF3B91FD74F54002F7A65 /* Project1_Redo.xcdatamodel */,
			);
			currentVersion = 001AF3B91FD74F54002F7A65 /* Project1_Redo.xcdatamodel */;
			path = Project1_Redo.xcdatamodeld;
			sourceTree = "<group>";
			versionGroupType = wrapper.xcdatamodel;
		};
/* End XCVersionGroup section */
	};
	rootObject = 001AF3A61FD74F54002F7A65 /* Project object */;
}
